{
  "name": "bayesian_attention_mechanism_stocks",
  "version": "1.0.0",
  "lockfileVersion": 3,
  "requires": true,
  "packages": {
    "": {
      "name": "bayesian_attention_mechanism_stocks",
      "version": "1.0.0",
      "license": "ISC",
      "dependencies": {
        "showdown": "^2.1.0"
      }
    },
    "node_modules/showdown": {
      "version": "2.1.0",
      "resolved": "https://registry.npmjs.org/showdown/-/showdown-2.1.0.tgz",
      "integrity": "sha512-bMX88DkQ1HAGSmyT24CiY2i1P73d11w8bHkG8S8Qj1t32TjG225sChd5PAzAGPZGKyKz89kYVw1P/0a2rYyOAA==",
      "bin": {
        "showdown": "bin/showdown.js"
      },
      "engines": {
        "node": ">=10.0.0"
      }
    }
  }
}